
Microsoft Visual Studio Solution File, Format Version 12.00
# Visual Studio Version 17
VisualStudioVersion = 17.3.32929.385
MinimumVisualStudioVersion = 10.0.40219.1
Project("{888888A0-9F3D-457C-B088-3A5042F75D52}") = "Test Django", "Test Django.pyproj", "{AAEB7B2A-4803-4691-96D5-266857A8DCFE}"
EndProject
Global
	GlobalSection(SolutionConfigurationPlatforms) = preSolution
		Debug|Any CPU = Debug|Any CPU
		Release|Any CPU = Release|Any CPU
	EndGlobalSection
	GlobalSection(ProjectConfigurationPlatforms) = postSolution
		{AAEB7B2A-4803-4691-96D5-266857A8DCFE}.Debug|Any CPU.ActiveCfg = Debug|Any CPU
		{AAEB7B2A-4803-4691-96D5-266857A8DCFE}.Debug|Any CPU.Build.0 = Debug|Any CPU
		{AAEB7B2A-4803-4691-96D5-266857A8DCFE}.Release|Any CPU.ActiveCfg = Release|Any CPU
		{AAEB7B2A-4803-4691-96D5-266857A8DCFE}.Release|Any CPU.Build.0 = Release|Any CPU
	EndGlobalSection
	GlobalSection(SolutionProperties) = preSolution
		HideSolutionNode = FALSE
	EndGlobalSection
	GlobalSection(ExtensibilityGlobals) = postSolution
		SolutionGuid = {2E88D00B-90BE-4C58-A828-181B1F8570BE}
	EndGlobalSection
EndGlobal
